
Microsoft Visual Studio Solution File, Format Version 12.00
# Visual Studio 15
VisualStudioVersion = 15.0.27428.2002
MinimumVisualStudioVersion = 10.0.40219.1
Project("{FAE04EC0-301F-11D3-BF4B-00C04F79EFBC}") = "Examen", "Examen\Examen.csproj", "{D748AFE2-00EE-4B14-984F-484C8C6C78E0}"
EndProject
Global
	GlobalSection(SolutionConfigurationPlatforms) = preSolution
		Debug|Any CPU = Debug|Any CPU
		Release|Any CPU = Release|Any CPU
	EndGlobalSection
	GlobalSection(ProjectConfigurationPlatforms) = postSolution
		{D748AFE2-00EE-4B14-984F-484C8C6C78E0}.Debug|Any CPU.ActiveCfg = Debug|Any CPU
		{D748AFE2-00EE-4B14-984F-484C8C6C78E0}.Debug|Any CPU.Build.0 = Debug|Any CPU
		{D748AFE2-00EE-4B14-984F-484C8C6C78E0}.Release|Any CPU.ActiveCfg = Release|Any CPU
		{D748AFE2-00EE-4B14-984F-484C8C6C78E0}.Release|Any CPU.Build.0 = Release|Any CPU
	EndGlobalSection
	GlobalSection(SolutionProperties) = preSolution
		HideSolutionNode = FALSE
	EndGlobalSection
	GlobalSection(ExtensibilityGlobals) = postSolution
		SolutionGuid = {50C7AD5E-C7B6-4CAA-B0DC-CA9A02636C2F}
	EndGlobalSection
EndGlobal
